
Microsoft Visual Studio Solution File, Format Version 12.00
# Visual Studio Version 17
VisualStudioVersion = 17.9.34714.143
MinimumVisualStudioVersion = 10.0.40219.1
Project("{FAE04EC0-301F-11D3-BF4B-00C04F79EFBC}") = "Technorix.JobManagement_3", "Technorix.JobManagement_3\Technorix.JobManagement_3.csproj", "{2F70F6D4-9B4D-4DA9-9921-91D28DCAED65}"
EndProject
Global
	GlobalSection(SolutionConfigurationPlatforms) = preSolution
		Debug|Any CPU = Debug|Any CPU
		Release|Any CPU = Release|Any CPU
	EndGlobalSection
	GlobalSection(ProjectConfigurationPlatforms) = postSolution
		{2F70F6D4-9B4D-4DA9-9921-91D28DCAED65}.Debug|Any CPU.ActiveCfg = Debug|Any CPU
		{2F70F6D4-9B4D-4DA9-9921-91D28DCAED65}.Debug|Any CPU.Build.0 = Debug|Any CPU
		{2F70F6D4-9B4D-4DA9-9921-91D28DCAED65}.Release|Any CPU.ActiveCfg = Release|Any CPU
		{2F70F6D4-9B4D-4DA9-9921-91D28DCAED65}.Release|Any CPU.Build.0 = Release|Any CPU
	EndGlobalSection
	GlobalSection(SolutionProperties) = preSolution
		HideSolutionNode = FALSE
	EndGlobalSection
	GlobalSection(ExtensibilityGlobals) = postSolution
		SolutionGuid = {5B181891-9D60-4B7C-94EA-CB8A55422DED}
	EndGlobalSection
EndGlobal
